
Microsoft Visual Studio Solution File, Format Version 12.00
# Visual Studio 2012
Project("{FAE04EC0-301F-11D3-BF4B-00C04F79EFBC}") = "NippleDragons", "NippleDragons\NippleDragons.csproj", "{AA9FA13D-F693-48FB-8AA7-90C44327B17B}"
EndProject
Global
	GlobalSection(SolutionConfigurationPlatforms) = preSolution
		Debug|Any CPU = Debug|Any CPU
		Release|Any CPU = Release|Any CPU
	EndGlobalSection
	GlobalSection(ProjectConfigurationPlatforms) = postSolution
		{AA9FA13D-F693-48FB-8AA7-90C44327B17B}.Debug|Any CPU.ActiveCfg = Debug|Any CPU
		{AA9FA13D-F693-48FB-8AA7-90C44327B17B}.Debug|Any CPU.Build.0 = Debug|Any CPU
		{AA9FA13D-F693-48FB-8AA7-90C44327B17B}.Release|Any CPU.ActiveCfg = Release|Any CPU
		{AA9FA13D-F693-48FB-8AA7-90C44327B17B}.Release|Any CPU.Build.0 = Release|Any CPU
	EndGlobalSection
EndGlobal
